
Microsoft Visual Studio Solution File, Format Version 12.00
# Visual Studio Version 17
VisualStudioVersion = 17.0.31903.59
MinimumVisualStudioVersion = 10.0.40219.1
Project("{9A19103F-16F7-4668-BE54-9A1E7A4F7556}") = "Rembg", "Rembg\Rembg.csproj", "{B6DC36D0-E8DA-4D81-8E10-3A73D5020D37}"
EndProject
Project("{9A19103F-16F7-4668-BE54-9A1E7A4F7556}") = "RembgTests", "RembgTests\RembgTests.csproj", "{68A3443A-CD98-4734-AF7A-C51A9C451886}"
EndProject
Project("{FAE04EC0-301F-11D3-BF4B-00C04F79EFBC}") = "RembgApp", "RembgApp\RembgApp.csproj", "{40279744-B923-491E-93B1-05CEF55F2A6E}"
EndProject
Global
	GlobalSection(SolutionConfigurationPlatforms) = preSolution
		Debug|Any CPU = Debug|Any CPU
		Release|Any CPU = Release|Any CPU
	EndGlobalSection
	GlobalSection(ProjectConfigurationPlatforms) = postSolution
		{B6DC36D0-E8DA-4D81-8E10-3A73D5020D37}.Debug|Any CPU.ActiveCfg = Debug|Any CPU
		{B6DC36D0-E8DA-4D81-8E10-3A73D5020D37}.Debug|Any CPU.Build.0 = Debug|Any CPU
		{B6DC36D0-E8DA-4D81-8E10-3A73D5020D37}.Release|Any CPU.ActiveCfg = Release|Any CPU
		{B6DC36D0-E8DA-4D81-8E10-3A73D5020D37}.Release|Any CPU.Build.0 = Release|Any CPU
		{68A3443A-CD98-4734-AF7A-C51A9C451886}.Debug|Any CPU.ActiveCfg = Debug|Any CPU
		{68A3443A-CD98-4734-AF7A-C51A9C451886}.Debug|Any CPU.Build.0 = Debug|Any CPU
		{68A3443A-CD98-4734-AF7A-C51A9C451886}.Release|Any CPU.ActiveCfg = Release|Any CPU
		{68A3443A-CD98-4734-AF7A-C51A9C451886}.Release|Any CPU.Build.0 = Release|Any CPU
		{40279744-B923-491E-93B1-05CEF55F2A6E}.Debug|Any CPU.ActiveCfg = Debug|Any CPU
		{40279744-B923-491E-93B1-05CEF55F2A6E}.Debug|Any CPU.Build.0 = Debug|Any CPU
		{40279744-B923-491E-93B1-05CEF55F2A6E}.Release|Any CPU.ActiveCfg = Release|Any CPU
		{40279744-B923-491E-93B1-05CEF55F2A6E}.Release|Any CPU.Build.0 = Release|Any CPU
	EndGlobalSection
	GlobalSection(SolutionProperties) = preSolution
		HideSolutionNode = FALSE
	EndGlobalSection
	GlobalSection(ExtensibilityGlobals) = postSolution
		SolutionGuid = {CFCAAF21-EFBD-4DE9-8486-1023678DD658}
	EndGlobalSection
EndGlobal
